
Microsoft Visual Studio Solution File, Format Version 12.00
# Visual Studio 2012
Project("{D954291E-2A0B-460D-934E-DC6B0785DB48}") = "referenceguide", "referenceguide\referenceguide.shproj", "{63814FF2-C644-4627-B82B-C000111A6E80}"
EndProject
Project("{FAE04EC0-301F-11D3-BF4B-00C04F79EFBC}") = "referenceguide.iOS", "iOS\referenceguide.iOS.csproj", "{000181F3-F36A-432D-A15D-96DA4B2B69DB}"
EndProject
Project("{FAE04EC0-301F-11D3-BF4B-00C04F79EFBC}") = "referenceguide.Droid", "Droid\referenceguide.Droid.csproj", "{3676A936-1B3D-4D32-ADD9-7E9862FDB694}"
EndProject
Project("{FAE04EC0-301F-11D3-BF4B-00C04F79EFBC}") = "referenceguide.web", "referenceguide.web\referenceguide.web.csproj", "{86F351D7-2AA0-457C-A729-131910C7B6BC}"
EndProject
Project("{D954291E-2A0B-460D-934E-DC6B0785DB48}") = "Xamarin.Forms.CommonCore", "..\..\Xamarin.Forms.CommonCore\Xamarin.Forms.CommonCore.shproj", "{9FBF1BE8-6CC0-4DC2-BC5B-AB11181D64E3}"
EndProject
Global
	GlobalSection(SolutionConfigurationPlatforms) = preSolution
		Debug|iPhoneSimulator = Debug|iPhoneSimulator
		Release|iPhone = Release|iPhone
		Release|iPhoneSimulator = Release|iPhoneSimulator
		Debug|iPhone = Debug|iPhone
		Debug|Any CPU = Debug|Any CPU
		Release|Any CPU = Release|Any CPU
		QA|Any CPU = QA|Any CPU
		QA|iPhone = QA|iPhone
		QA|iPhoneSimulator = QA|iPhoneSimulator
	EndGlobalSection
	GlobalSection(ProjectConfigurationPlatforms) = postSolution
		{000181F3-F36A-432D-A15D-96DA4B2B69DB}.Debug|iPhoneSimulator.ActiveCfg = Debug|iPhoneSimulator
		{000181F3-F36A-432D-A15D-96DA4B2B69DB}.Debug|iPhoneSimulator.Build.0 = Debug|iPhoneSimulator
		{000181F3-F36A-432D-A15D-96DA4B2B69DB}.Release|iPhone.ActiveCfg = Release|iPhone
		{000181F3-F36A-432D-A15D-96DA4B2B69DB}.Release|iPhone.Build.0 = Release|iPhone
		{000181F3-F36A-432D-A15D-96DA4B2B69DB}.Release|iPhoneSimulator.ActiveCfg = Release|iPhoneSimulator
		{000181F3-F36A-432D-A15D-96DA4B2B69DB}.Release|iPhoneSimulator.Build.0 = Release|iPhoneSimulator
		{000181F3-F36A-432D-A15D-96DA4B2B69DB}.Debug|iPhone.ActiveCfg = Debug|iPhone
		{000181F3-F36A-432D-A15D-96DA4B2B69DB}.Debug|iPhone.Build.0 = Debug|iPhone
		{000181F3-F36A-432D-A15D-96DA4B2B69DB}.Debug|Any CPU.ActiveCfg = Debug|iPhoneSimulator
		{000181F3-F36A-432D-A15D-96DA4B2B69DB}.Debug|Any CPU.Build.0 = Debug|iPhoneSimulator
		{000181F3-F36A-432D-A15D-96DA4B2B69DB}.Release|Any CPU.ActiveCfg = Release|iPhone
		{000181F3-F36A-432D-A15D-96DA4B2B69DB}.Release|Any CPU.Build.0 = Release|iPhone
		{000181F3-F36A-432D-A15D-96DA4B2B69DB}.QA|Any CPU.ActiveCfg = QA|Any CPU
		{000181F3-F36A-432D-A15D-96DA4B2B69DB}.QA|Any CPU.Build.0 = QA|Any CPU
		{000181F3-F36A-432D-A15D-96DA4B2B69DB}.QA|iPhone.ActiveCfg = QA|iPhone
		{000181F3-F36A-432D-A15D-96DA4B2B69DB}.QA|iPhone.Build.0 = QA|iPhone
		{000181F3-F36A-432D-A15D-96DA4B2B69DB}.QA|iPhoneSimulator.ActiveCfg = QA|iPhoneSimulator
		{000181F3-F36A-432D-A15D-96DA4B2B69DB}.QA|iPhoneSimulator.Build.0 = QA|iPhoneSimulator
		{3676A936-1B3D-4D32-ADD9-7E9862FDB694}.Debug|iPhoneSimulator.ActiveCfg = Debug|Any CPU
		{3676A936-1B3D-4D32-ADD9-7E9862FDB694}.Debug|iPhoneSimulator.Build.0 = Debug|Any CPU
		{3676A936-1B3D-4D32-ADD9-7E9862FDB694}.Release|iPhone.ActiveCfg = Release|Any CPU
		{3676A936-1B3D-4D32-ADD9-7E9862FDB694}.Release|iPhone.Build.0 = Release|Any CPU
		{3676A936-1B3D-4D32-ADD9-7E9862FDB694}.Release|iPhoneSimulator.ActiveCfg = Release|Any CPU
		{3676A936-1B3D-4D32-ADD9-7E9862FDB694}.Release|iPhoneSimulator.Build.0 = Release|Any CPU
		{3676A936-1B3D-4D32-ADD9-7E9862FDB694}.Debug|iPhone.ActiveCfg = Debug|Any CPU
		{3676A936-1B3D-4D32-ADD9-7E9862FDB694}.Debug|iPhone.Build.0 = Debug|Any CPU
		{3676A936-1B3D-4D32-ADD9-7E9862FDB694}.Debug|Any CPU.ActiveCfg = Debug|Any CPU
		{3676A936-1B3D-4D32-ADD9-7E9862FDB694}.Debug|Any CPU.Build.0 = Debug|Any CPU
		{3676A936-1B3D-4D32-ADD9-7E9862FDB694}.Release|Any CPU.ActiveCfg = Release|Any CPU
		{3676A936-1B3D-4D32-ADD9-7E9862FDB694}.Release|Any CPU.Build.0 = Release|Any CPU
		{3676A936-1B3D-4D32-ADD9-7E9862FDB694}.QA|Any CPU.ActiveCfg = QA|Any CPU
		{3676A936-1B3D-4D32-ADD9-7E9862FDB694}.QA|Any CPU.Build.0 = QA|Any CPU
		{3676A936-1B3D-4D32-ADD9-7E9862FDB694}.QA|iPhone.ActiveCfg = QA|iPhone
		{3676A936-1B3D-4D32-ADD9-7E9862FDB694}.QA|iPhone.Build.0 = QA|iPhone
		{3676A936-1B3D-4D32-ADD9-7E9862FDB694}.QA|iPhoneSimulator.ActiveCfg = QA|Any CPU
		{3676A936-1B3D-4D32-ADD9-7E9862FDB694}.QA|iPhoneSimulator.Build.0 = QA|Any CPU
		{86F351D7-2AA0-457C-A729-131910C7B6BC}.Debug|iPhoneSimulator.ActiveCfg = Debug|Any CPU
		{86F351D7-2AA0-457C-A729-131910C7B6BC}.Debug|iPhoneSimulator.Build.0 = Debug|Any CPU
		{86F351D7-2AA0-457C-A729-131910C7B6BC}.Release|iPhone.ActiveCfg = Release|Any CPU
		{86F351D7-2AA0-457C-A729-131910C7B6BC}.Release|iPhone.Build.0 = Release|Any CPU
		{86F351D7-2AA0-457C-A729-131910C7B6BC}.Release|iPhoneSimulator.ActiveCfg = Release|Any CPU
		{86F351D7-2AA0-457C-A729-131910C7B6BC}.Release|iPhoneSimulator.Build.0 = Release|Any CPU
		{86F351D7-2AA0-457C-A729-131910C7B6BC}.Debug|iPhone.ActiveCfg = Debug|Any CPU
		{86F351D7-2AA0-457C-A729-131910C7B6BC}.Debug|iPhone.Build.0 = Debug|Any CPU
		{86F351D7-2AA0-457C-A729-131910C7B6BC}.Debug|Any CPU.ActiveCfg = Debug|Any CPU
		{86F351D7-2AA0-457C-A729-131910C7B6BC}.Debug|Any CPU.Build.0 = Debug|Any CPU
		{86F351D7-2AA0-457C-A729-131910C7B6BC}.Release|Any CPU.ActiveCfg = Release|Any CPU
		{86F351D7-2AA0-457C-A729-131910C7B6BC}.Release|Any CPU.Build.0 = Release|Any CPU
		{86F351D7-2AA0-457C-A729-131910C7B6BC}.QA|Any CPU.ActiveCfg = QA|Any CPU
		{86F351D7-2AA0-457C-A729-131910C7B6BC}.QA|Any CPU.Build.0 = QA|Any CPU
		{86F351D7-2AA0-457C-A729-131910C7B6BC}.QA|iPhone.ActiveCfg = QA|iPhone
		{86F351D7-2AA0-457C-A729-131910C7B6BC}.QA|iPhone.Build.0 = QA|iPhone
		{86F351D7-2AA0-457C-A729-131910C7B6BC}.QA|iPhoneSimulator.ActiveCfg = QA|Any CPU
		{86F351D7-2AA0-457C-A729-131910C7B6BC}.QA|iPhoneSimulator.Build.0 = QA|Any CPU
	EndGlobalSection
	GlobalSection(NestedProjects) = preSolution
	EndGlobalSection
EndGlobal
