
Microsoft Visual Studio Solution File, Format Version 12.00
# Visual Studio 2012
Project("{D954291E-2A0B-460D-934E-DC6B0785DB48}") = "referenceguide", "referenceguide\referenceguide.shproj", "{63814FF2-C644-4627-B82B-C000111A6E80}"
EndProject
Project("{FAE04EC0-301F-11D3-BF4B-00C04F79EFBC}") = "referenceguide.iOS", "iOS\referenceguide.iOS.csproj", "{000181F3-F36A-432D-A15D-96DA4B2B69DB}"
EndProject
Project("{FAE04EC0-301F-11D3-BF4B-00C04F79EFBC}") = "referenceguide.Droid", "Droid\referenceguide.Droid.csproj", "{3676A936-1B3D-4D32-ADD9-7E9862FDB694}"
EndProject
Project("{D954291E-2A0B-460D-934E-DC6B0785DB48}") = "Xamarin.Forms.CommonCore", "..\Xamarin.Forms.CommonCore\Xamarin.Forms.CommonCore.shproj", "{9FBF1BE8-6CC0-4DC2-BC5B-AB11181D64E3}"
EndProject
Project("{2150E333-8FDC-42A3-9474-1A3956D46DE8}") = "InProgress", "InProgress", "{72969851-CF3A-416D-8B5A-E96A1B696606}"
	ProjectSection(SolutionItems) = preProject
		InProgress\BackgroundingServices.Droid.txt = InProgress\BackgroundingServices.Droid.txt
		InProgress\BackgroundingServices.IOS.txt = InProgress\BackgroundingServices.IOS.txt
		InProgress\AppointmentManger.txt = InProgress\AppointmentManger.txt
		InProgress\SyncMgr.txt = InProgress\SyncMgr.txt
	EndProjectSection
EndProject
Project("{D954291E-2A0B-460D-934E-DC6B0785DB48}") = "Xamarin.Forms.CommonCore.MaterialDesign", "..\Xamarin.Forms.CommonCore.MaterialDesign\Xamarin.Forms.CommonCore.MaterialDesign.shproj", "{82EC8F9E-EF09-4F94-A4F0-85AC1F5DE0AF}"
EndProject
Global
	GlobalSection(SolutionConfigurationPlatforms) = preSolution
		Debug|iPhoneSimulator = Debug|iPhoneSimulator
		Release|iPhone = Release|iPhone
		Release|iPhoneSimulator = Release|iPhoneSimulator
		Debug|iPhone = Debug|iPhone
		Debug|Any CPU = Debug|Any CPU
		Release|Any CPU = Release|Any CPU
	EndGlobalSection
	GlobalSection(ProjectConfigurationPlatforms) = postSolution
		{000181F3-F36A-432D-A15D-96DA4B2B69DB}.Debug|iPhoneSimulator.ActiveCfg = Debug|iPhoneSimulator
		{000181F3-F36A-432D-A15D-96DA4B2B69DB}.Debug|iPhoneSimulator.Build.0 = Debug|iPhoneSimulator
		{000181F3-F36A-432D-A15D-96DA4B2B69DB}.Release|iPhone.ActiveCfg = Release|iPhone
		{000181F3-F36A-432D-A15D-96DA4B2B69DB}.Release|iPhone.Build.0 = Release|iPhone
		{000181F3-F36A-432D-A15D-96DA4B2B69DB}.Release|iPhoneSimulator.ActiveCfg = Release|iPhoneSimulator
		{000181F3-F36A-432D-A15D-96DA4B2B69DB}.Release|iPhoneSimulator.Build.0 = Release|iPhoneSimulator
		{000181F3-F36A-432D-A15D-96DA4B2B69DB}.Debug|iPhone.ActiveCfg = Debug|iPhone
		{000181F3-F36A-432D-A15D-96DA4B2B69DB}.Debug|iPhone.Build.0 = Debug|iPhone
		{000181F3-F36A-432D-A15D-96DA4B2B69DB}.Debug|Any CPU.ActiveCfg = Debug|iPhoneSimulator
		{000181F3-F36A-432D-A15D-96DA4B2B69DB}.Debug|Any CPU.Build.0 = Debug|iPhoneSimulator
		{000181F3-F36A-432D-A15D-96DA4B2B69DB}.Release|Any CPU.ActiveCfg = Release|iPhone
		{000181F3-F36A-432D-A15D-96DA4B2B69DB}.Release|Any CPU.Build.0 = Release|iPhone
		{3676A936-1B3D-4D32-ADD9-7E9862FDB694}.Debug|iPhoneSimulator.ActiveCfg = Debug|Any CPU
		{3676A936-1B3D-4D32-ADD9-7E9862FDB694}.Debug|iPhoneSimulator.Build.0 = Debug|Any CPU
		{3676A936-1B3D-4D32-ADD9-7E9862FDB694}.Release|iPhone.ActiveCfg = Release|Any CPU
		{3676A936-1B3D-4D32-ADD9-7E9862FDB694}.Release|iPhone.Build.0 = Release|Any CPU
		{3676A936-1B3D-4D32-ADD9-7E9862FDB694}.Release|iPhoneSimulator.ActiveCfg = Release|Any CPU
		{3676A936-1B3D-4D32-ADD9-7E9862FDB694}.Release|iPhoneSimulator.Build.0 = Release|Any CPU
		{3676A936-1B3D-4D32-ADD9-7E9862FDB694}.Debug|iPhone.ActiveCfg = Debug|Any CPU
		{3676A936-1B3D-4D32-ADD9-7E9862FDB694}.Debug|iPhone.Build.0 = Debug|Any CPU
		{3676A936-1B3D-4D32-ADD9-7E9862FDB694}.Debug|Any CPU.ActiveCfg = Debug|Any CPU
		{3676A936-1B3D-4D32-ADD9-7E9862FDB694}.Debug|Any CPU.Build.0 = Debug|Any CPU
		{3676A936-1B3D-4D32-ADD9-7E9862FDB694}.Release|Any CPU.ActiveCfg = Release|Any CPU
		{3676A936-1B3D-4D32-ADD9-7E9862FDB694}.Release|Any CPU.Build.0 = Release|Any CPU
	EndGlobalSection
	GlobalSection(NestedProjects) = preSolution
	EndGlobalSection
EndGlobal
